
Microsoft Visual Studio Solution File, Format Version 12.00
# Visual Studio Version 17
VisualStudioVersion = 17.5.33530.505
MinimumVisualStudioVersion = 10.0.40219.1
Project("{FAE04EC0-301F-11D3-BF4B-00C04F79EFBC}") = "QLTV", "QLTV\QLTV.csproj", "{1D2B9F05-8EA2-46B0-98B1-01EBDF763AC1}"
EndProject
Global
	GlobalSection(SolutionConfigurationPlatforms) = preSolution
		Debug|Any CPU = Debug|Any CPU
		Release|Any CPU = Release|Any CPU
	EndGlobalSection
	GlobalSection(ProjectConfigurationPlatforms) = postSolution
		{1D2B9F05-8EA2-46B0-98B1-01EBDF763AC1}.Debug|Any CPU.ActiveCfg = Debug|Any CPU
		{1D2B9F05-8EA2-46B0-98B1-01EBDF763AC1}.Debug|Any CPU.Build.0 = Debug|Any CPU
		{1D2B9F05-8EA2-46B0-98B1-01EBDF763AC1}.Release|Any CPU.ActiveCfg = Release|Any CPU
		{1D2B9F05-8EA2-46B0-98B1-01EBDF763AC1}.Release|Any CPU.Build.0 = Release|Any CPU
	EndGlobalSection
	GlobalSection(SolutionProperties) = preSolution
		HideSolutionNode = FALSE
	EndGlobalSection
	GlobalSection(ExtensibilityGlobals) = postSolution
		SolutionGuid = {1A7777FB-4356-4BC5-87EA-D1DEC6536533}
	EndGlobalSection
EndGlobal
